{
  "name": "logger",
  "version": "0.0.1",
  "lockfileVersion": 1,
  "requires": true,
  "dependencies": {
    "configuration-provider": {
      "version": "configuration-provider",
      "requires": {
        "convict": "^6.2.2",
        "env-var": "^7.1.1"
      },
      "dependencies": {
        "@types/convict": {
          "version": "6.1.1",
          "resolved": "https://registry.npmjs.org/@types/convict/-/convict-6.1.1.tgz",
          "integrity": "sha512-R+JLaTvhsD06p4jyjUDtbd5xMtZTRE3c0iI+lrFWZogSVEjgTWPYwvJPVf+t92E+yrlbXa4X4Eg9ro6gPdUt4w==",
          "requires": {
            "@types/node": "*"
          }
        },
        "@types/node": {
          "version": "17.0.23",
          "resolved": "https://registry.npmjs.org/@types/node/-/node-17.0.23.tgz",
          "integrity": "sha512-UxDxWn7dl97rKVeVS61vErvw086aCYhDLyvRQZ5Rk65rZKepaFdm53GeqXaKBuOhED4e9uWq34IC3TdSdJJ2Gw=="
        },
        "convict": {
          "version": "6.2.2",
          "resolved": "https://registry.npmjs.org/convict/-/convict-6.2.2.tgz",
          "integrity": "sha512-3MsROJiEFN3BAzeFit1t87t7EUFzd44MNd13MLSikV2dsnDl7znwKgtYPPONtnDzxiDW0nBAsxVhSRNrjUrTTg==",
          "requires": {
            "lodash.clonedeep": "^4.5.0",
            "yargs-parser": "^20.2.7"
          }
        },
        "env-var": {
          "version": "7.1.1",
          "resolved": "https://registry.npmjs.org/env-var/-/env-var-7.1.1.tgz",
          "integrity": "sha512-4+vvlq+wwGQNwY/nI3/+Ojc1MKHCmITRJ6VWkQzDtMD6fAEb60ACRUCnlIAonMKW9YzqYmYxbyVu9vTb++yNRg=="
        },
        "lodash.clonedeep": {
          "version": "4.5.0",
          "resolved": "https://registry.npmjs.org/lodash.clonedeep/-/lodash.clonedeep-4.5.0.tgz",
          "integrity": "sha1-4j8/nE+Pvd6HJSnBBxhXoIblzO8="
        },
        "yargs-parser": {
          "version": "20.2.9",
          "resolved": "https://registry.npmjs.org/yargs-parser/-/yargs-parser-20.2.9.tgz",
          "integrity": "sha512-y11nGElTIV+CT3Zv9t7VKl+Q3hTQoT9a1Qzezhhl6Rp21gJ/IVTW7Z3y9EWXhuUBC2Shnf+DX0antecpAwSP8w=="
        }
      }
    }
  }
}
