# THIS IS AN AUTOGENERATED FILE. DO NOT EDIT THIS FILE DIRECTLY.
# yarn lockfile v1


"@types/convict@^6.1.1":
  version "6.1.1"
  resolved "https://registry.yarnpkg.com/@types/convict/-/convict-6.1.1.tgz#6752095a7fbf0fb5a50bb0016515a9c987ca5a29"
  integrity sha512-R+JLaTvhsD06p4jyjUDtbd5xMtZTRE3c0iI+lrFWZogSVEjgTWPYwvJPVf+t92E+yrlbXa4X4Eg9ro6gPdUt4w==
  dependencies:
    "@types/node" "*"

"@types/node@*":
  version "17.0.31"
  resolved "https://registry.yarnpkg.com/@types/node/-/node-17.0.31.tgz#a5bb84ecfa27eec5e1c802c6bbf8139bdb163a5d"
  integrity sha512-AR0x5HbXGqkEx9CadRH3EBYx/VkiUgZIhP4wvPn/+5KIsgpNoyFaRlVe0Zlx9gRtg8fA06a9tskE2MSN7TcG4Q==

convict@^6.2.2:
  version "6.2.3"
  resolved "https://registry.yarnpkg.com/convict/-/convict-6.2.3.tgz#61f02858f6f1c5806d55837c5bb54ed64731ee8a"
  integrity sha512-mTY04Qr7WrqiXifdeUYXr4/+Te4hPFWDvz6J2FVIKCLc2XBhq63VOSSYAKJ+unhZAYOAjmEdNswTOeHt7s++pQ==
  dependencies:
    lodash.clonedeep "^4.5.0"
    yargs-parser "^20.2.7"

env-var@^7.1.1:
  version "7.1.1"
  resolved "https://registry.yarnpkg.com/env-var/-/env-var-7.1.1.tgz#c1697f8dfded0b54418dc9bbd78a82119910e57c"
  integrity sha512-4+vvlq+wwGQNwY/nI3/+Ojc1MKHCmITRJ6VWkQzDtMD6fAEb60ACRUCnlIAonMKW9YzqYmYxbyVu9vTb++yNRg==

lodash.clonedeep@^4.5.0:
  version "4.5.0"
  resolved "https://registry.yarnpkg.com/lodash.clonedeep/-/lodash.clonedeep-4.5.0.tgz#e23f3f9c4f8fbdde872529c1071857a086e5ccef"
  integrity sha1-4j8/nE+Pvd6HJSnBBxhXoIblzO8=

yargs-parser@^20.2.7:
  version "20.2.9"
  resolved "https://registry.yarnpkg.com/yargs-parser/-/yargs-parser-20.2.9.tgz#2eb7dc3b0289718fc295f362753845c41a0c94ee"
  integrity sha512-y11nGElTIV+CT3Zv9t7VKl+Q3hTQoT9a1Qzezhhl6Rp21gJ/IVTW7Z3y9EWXhuUBC2Shnf+DX0antecpAwSP8w==
